
Microsoft Visual Studio Solution File, Format Version 12.00
# Visual Studio 15
VisualStudioVersion = 15.0.27703.2042
MinimumVisualStudioVersion = 10.0.40219.1
Project("{FAE04EC0-301F-11D3-BF4B-00C04F79EFBC}") = "KioskClient1", "KioskClient1\KioskClient1.csproj", "{D95FB47C-B1E5-4AA8-981E-FEF9A3379A43}"
EndProject
Global
	GlobalSection(SolutionConfigurationPlatforms) = preSolution
		Debug|Any CPU = Debug|Any CPU
		Release|Any CPU = Release|Any CPU
	EndGlobalSection
	GlobalSection(ProjectConfigurationPlatforms) = postSolution
		{D95FB47C-B1E5-4AA8-981E-FEF9A3379A43}.Debug|Any CPU.ActiveCfg = Debug|Any CPU
		{D95FB47C-B1E5-4AA8-981E-FEF9A3379A43}.Debug|Any CPU.Build.0 = Debug|Any CPU
		{D95FB47C-B1E5-4AA8-981E-FEF9A3379A43}.Release|Any CPU.ActiveCfg = Release|Any CPU
		{D95FB47C-B1E5-4AA8-981E-FEF9A3379A43}.Release|Any CPU.Build.0 = Release|Any CPU
	EndGlobalSection
	GlobalSection(SolutionProperties) = preSolution
		HideSolutionNode = FALSE
	EndGlobalSection
	GlobalSection(ExtensibilityGlobals) = postSolution
		SolutionGuid = {DB21CD95-D3C2-40B7-8E52-6975C8190D59}
	EndGlobalSection
EndGlobal
